
Microsoft Visual Studio Solution File, Format Version 12.00
# Visual Studio 15
VisualStudioVersion = 15.0.28010.2016
MinimumVisualStudioVersion = 10.0.40219.1
Project("{9A19103F-16F7-4668-BE54-9A1E7A4F7556}") = "GeoFinder", "GeoFinder\GeoFinder.csproj", "{D233E86F-BA28-4C21-9F58-BE4DF855D061}"
EndProject
Project("{9A19103F-16F7-4668-BE54-9A1E7A4F7556}") = "GeoFinder.Data", "GeoFinder.Data\GeoFinder.Data.csproj", "{57795727-36AB-4749-8DBD-72B7D5985AF0}"
EndProject
Project("{FAE04EC0-301F-11D3-BF4B-00C04F79EFBC}") = "GeoFinder.IO", "GeoFinder.IO\GeoFinder.IO.csproj", "{0A4E6A28-9D25-438B-97C3-030D27B69D67}"
EndProject
Global
	GlobalSection(SolutionConfigurationPlatforms) = preSolution
		Debug|Any CPU = Debug|Any CPU
		Release|Any CPU = Release|Any CPU
	EndGlobalSection
	GlobalSection(ProjectConfigurationPlatforms) = postSolution
		{D233E86F-BA28-4C21-9F58-BE4DF855D061}.Debug|Any CPU.ActiveCfg = Debug|Any CPU
		{D233E86F-BA28-4C21-9F58-BE4DF855D061}.Debug|Any CPU.Build.0 = Debug|Any CPU
		{D233E86F-BA28-4C21-9F58-BE4DF855D061}.Release|Any CPU.ActiveCfg = Release|Any CPU
		{D233E86F-BA28-4C21-9F58-BE4DF855D061}.Release|Any CPU.Build.0 = Release|Any CPU
		{57795727-36AB-4749-8DBD-72B7D5985AF0}.Debug|Any CPU.ActiveCfg = Debug|Any CPU
		{57795727-36AB-4749-8DBD-72B7D5985AF0}.Debug|Any CPU.Build.0 = Debug|Any CPU
		{57795727-36AB-4749-8DBD-72B7D5985AF0}.Release|Any CPU.ActiveCfg = Release|Any CPU
		{57795727-36AB-4749-8DBD-72B7D5985AF0}.Release|Any CPU.Build.0 = Release|Any CPU
		{0A4E6A28-9D25-438B-97C3-030D27B69D67}.Debug|Any CPU.ActiveCfg = Debug|Any CPU
		{0A4E6A28-9D25-438B-97C3-030D27B69D67}.Debug|Any CPU.Build.0 = Debug|Any CPU
		{0A4E6A28-9D25-438B-97C3-030D27B69D67}.Release|Any CPU.ActiveCfg = Release|Any CPU
		{0A4E6A28-9D25-438B-97C3-030D27B69D67}.Release|Any CPU.Build.0 = Release|Any CPU
	EndGlobalSection
	GlobalSection(SolutionProperties) = preSolution
		HideSolutionNode = FALSE
	EndGlobalSection
	GlobalSection(ExtensibilityGlobals) = postSolution
		SolutionGuid = {2E5A1D45-B935-43A1-9DA0-2113C77FDE44}
	EndGlobalSection
EndGlobal
